uuid: 9f6feb15-59c2-4fa3-99ec-93ac286e0ec0
langcode: en
status: true
dependencies:
  config:
    - block_content.type.call_to_action_block
id: block_content.call_to_action_block
target_entity_type_id: block_content
target_bundle: call_to_action_block
default_langcode: site_default
language_alterable: false
